PODS:
  - CryptoSwift (1.4.2)
  - DBChainSm2 (1.0.0):
    - GMOpenSSL
  - GMOpenSSL (2.2.6)

DEPENDENCIES:
  - CryptoSwift
  - DBChainSm2 (from `../`)

SPEC REPOS:
  trunk:
    - CryptoSwift
    - GMOpenSSL

EXTERNAL SOURCES:
  DBChainSm2:
    :path: "../"

SPEC CHECKSUMS:
  CryptoSwift: a532e74ed010f8c95f611d00b8bbae42e9fe7c17
  DBChainSm2: c253b79bf6e4378c196a538aafb95c730e96a9d0
  GMOpenSSL: 9a58d4bbae233579275605fb65f7d92fb01f3c06

PODFILE CHECKSUM: 23fcb8806088cc21f917cc13e833f27c9cefb06a

COCOAPODS: 1.11.2
